
Microsoft Visual Studio Solution File, Format Version 12.00
# Visual Studio Version 17
VisualStudioVersion = 17.3.32825.248
MinimumVisualStudioVersion = 10.0.40219.1
Project("{FAE04EC0-301F-11D3-BF4B-00C04F79EFBC}") = "PBO04-Tugas", "PBO04-Tugas\PBO04-Tugas.csproj", "{A6242901-B436-49B0-8D1C-DF4BDF6BFD1E}"
EndProject
Global
	GlobalSection(SolutionConfigurationPlatforms) = preSolution
		Debug|Any CPU = Debug|Any CPU
		Release|Any CPU = Release|Any CPU
	EndGlobalSection
	GlobalSection(ProjectConfigurationPlatforms) = postSolution
		{A6242901-B436-49B0-8D1C-DF4BDF6BFD1E}.Debug|Any CPU.ActiveCfg = Debug|Any CPU
		{A6242901-B436-49B0-8D1C-DF4BDF6BFD1E}.Debug|Any CPU.Build.0 = Debug|Any CPU
		{A6242901-B436-49B0-8D1C-DF4BDF6BFD1E}.Release|Any CPU.ActiveCfg = Release|Any CPU
		{A6242901-B436-49B0-8D1C-DF4BDF6BFD1E}.Release|Any CPU.Build.0 = Release|Any CPU
	EndGlobalSection
	GlobalSection(SolutionProperties) = preSolution
		HideSolutionNode = FALSE
	EndGlobalSection
	GlobalSection(ExtensibilityGlobals) = postSolution
		SolutionGuid = {A7D08A60-D509-4F44-97C5-396B3CEAD4F4}
	EndGlobalSection
EndGlobal
